PODS:
  - Dwifft (0.5)
  - FirebaseResultsController (0.1.0):
    - Dwifft (~> 0.5)

DEPENDENCIES:
  - FirebaseResultsController (from `../`)

EXTERNAL SOURCES:
  FirebaseResultsController:
    :path: ../

SPEC CHECKSUMS:
  Dwifft: 9b7f1e55950e27b9dcdbb4d48502625cb4690b97
  FirebaseResultsController: 30c3ca3a33aa8d000e08956e17a8f4361260ebe6

PODFILE CHECKSUM: 220f8cca405de62cb78253e3dea468126df6dab8

COCOAPODS: 1.2.0
